// !$*UTF8*$!
{
	archiveVersion = 1;
	classes = {
	};
	objectVersion = 56;
	objects = {

/* Begin PBXBuildFile section */
		5314971029440FEA002FEA2D /* AppDelegate.swift in Sources */ = {isa = PBXBuildFile; fileRef = 5314970F29440FEA002FEA2D /* AppDelegate.swift */; };
		5314971229440FEA002FEA2D /* SceneDelegate.swift in Sources */ = {isa = PBXBuildFile; fileRef = 5314971129440FEA002FEA2D /* SceneDelegate.swift */; };
		5314971429440FEA002FEA2D /* WeatherViewController.swift in Sources */ = {isa = PBXBuildFile; fileRef = 5314971329440FEA002FEA2D /* WeatherViewController.swift */; };
		5314971929440FEB002FEA2D /* Assets.xcassets in Resources */ = {isa = PBXBuildFile; fileRef = 5314971829440FEB002FEA2D /* Assets.xcassets */; };
		5314971C29440FEB002FEA2D /* LaunchScreen.storyboard in Resources */ = {isa = PBXBuildFile; fileRef = 5314971A29440FEB002FEA2D /* LaunchScreen.storyboard */; };
		5314972929441A6A002FEA2D /* WeatherViewModel.swift in Sources */ = {isa = PBXBuildFile; fileRef = 5314972829441A6A002FEA2D /* WeatherViewModel.swift */; };
		5314972C29441A7F002FEA2D /* WeatherManager.swift in Sources */ = {isa = PBXBuildFile; fileRef = 5314972B29441A7F002FEA2D /* WeatherManager.swift */; };
		5314972F29441B4A002FEA2D /* LocationManager.swift in Sources */ = {isa = PBXBuildFile; fileRef = 5314972E29441B4A002FEA2D /* LocationManager.swift */; };
/* End PBXBuildFile section */

/* Begin PBXFileReference section */
		5314970C29440FEA002FEA2D /* Suny.app */ = {isa = PBXFileReference; explicitFileType = wrapper.application; includeInIndex = 0; path = Suny.app; sourceTree = BUILT_PRODUCTS_DIR; };
		5314970F29440FEA002FEA2D /* AppDelegate.swift */ = {isa = PBXFileReference; lastKnownFileType = sourcecode.swift; path = AppDelegate.swift; sourceTree = "<group>"; };
		5314971129440FEA002FEA2D /* SceneDelegate.swift */ = {isa = PBXFileReference; lastKnownFileType = sourcecode.swift; path = SceneDelegate.swift; sourceTree = "<group>"; };
		5314971329440FEA002FEA2D /* WeatherViewController.swift */ = {isa = PBXFileReference; lastKnownFileType = sourcecode.swift; path = WeatherViewController.swift; sourceTree = "<group>"; };
		5314971829440FEB002FEA2D /* Assets.xcassets */ = {isa = PBXFileReference; lastKnownFileType = folder.assetcatalog; path = Assets.xcassets; sourceTree = "<group>"; };
		5314971B29440FEB002FEA2D /* Base */ = {isa = PBXFileReference; lastKnownFileType = file.storyboard; name = Base; path = Base.lproj/LaunchScreen.storyboard; sourceTree = "<group>"; };
		5314971D29440FEB002FEA2D /* Info.plist */ = {isa = PBXFileReference; lastKnownFileType = text.plist.xml; path = Info.plist; sourceTree = "<group>"; };
		5314972729441296002FEA2D /* Suny.entitlements */ = {isa = PBXFileReference; lastKnownFileType = text.plist.entitlements; path = Suny.entitlements; sourceTree = "<group>"; };
		5314972829441A6A002FEA2D /* WeatherViewModel.swift */ = {isa = PBXFileReference; lastKnownFileType = sourcecode.swift; path = WeatherViewModel.swift; sourceTree = "<group>"; };
		5314972B29441A7F002FEA2D /* WeatherManager.swift */ = {isa = PBXFileReference; lastKnownFileType = sourcecode.swift; path = WeatherManager.swift; sourceTree = "<group>"; };
		5314972E29441B4A002FEA2D /* LocationManager.swift */ = {isa = PBXFileReference; lastKnownFileType = sourcecode.swift; path = LocationManager.swift; sourceTree = "<group>"; };
/* End PBXFileReference section */

/* Begin PBXFrameworksBuildPhase section */
		5314970929440FEA002FEA2D /* Frameworks */ = {
			isa = PBXFrameworksBuildPhase;
			buildActionMask = 2147483647;
			files = (
			);
			runOnlyForDeploymentPostprocessing = 0;
		};
/* End PBXFrameworksBuildPhase section */

/* Begin PBXGroup section */
		5314970329440FEA002FEA2D = {
			isa = PBXGroup;
			children = (
				5314970E29440FEA002FEA2D /* Suny */,
				5314970D29440FEA002FEA2D /* Products */,
			);
			sourceTree = "<group>";
		};
		5314970D29440FEA002FEA2D /* Products */ = {
			isa = PBXGroup;
			children = (
				5314970C29440FEA002FEA2D /* Suny.app */,
			);
			name = Products;
			sourceTree = "<group>";
		};
		5314970E29440FEA002FEA2D /* Suny */ = {
			isa = PBXGroup;
			children = (
				5314972A29441A6E002FEA2D /* Managers */,
				5314972729441296002FEA2D /* Suny.entitlements */,
				5314972429441014002FEA2D /* Components */,
				531497252944101B002FEA2D /* Resources */,
				5314972329441000002FEA2D /* Apps */,
			);
			path = Suny;
			sourceTree = "<group>";
		};
		5314972329441000002FEA2D /* Apps */ = {
			isa = PBXGroup;
			children = (
				5314971129440FEA002FEA2D /* SceneDelegate.swift */,
				5314970F29440FEA002FEA2D /* AppDelegate.swift */,
			);
			path = Apps;
			sourceTree = "<group>";
		};
		5314972429441014002FEA2D /* Components */ = {
			isa = PBXGroup;
			children = (
				5314972629441027002FEA2D /* WeatherViewController */,
			);
			path = Components;
			sourceTree = "<group>";
		};
		531497252944101B002FEA2D /* Resources */ = {
			isa = PBXGroup;
			children = (
				5314971829440FEB002FEA2D /* Assets.xcassets */,
				5314971A29440FEB002FEA2D /* LaunchScreen.storyboard */,
				5314971D29440FEB002FEA2D /* Info.plist */,
			);
			name = Resources;
			sourceTree = "<group>";
		};
		5314972629441027002FEA2D /* WeatherViewController */ = {
			isa = PBXGroup;
			children = (
				5314971329440FEA002FEA2D /* WeatherViewController.swift */,
				5314972829441A6A002FEA2D /* WeatherViewModel.swift */,
			);
			path = WeatherViewController;
			sourceTree = "<group>";
		};
		5314972A29441A6E002FEA2D /* Managers */ = {
			isa = PBXGroup;
			children = (
				5314972B29441A7F002FEA2D /* WeatherManager.swift */,
				5314972E29441B4A002FEA2D /* LocationManager.swift */,
			);
			path = Managers;
			sourceTree = "<group>";
		};
/* End PBXGroup section */

/* Begin PBXNativeTarget section */
		5314970B29440FEA002FEA2D /* Suny */ = {
			isa = PBXNativeTarget;
			buildConfigurationList = 5314972029440FEB002FEA2D /* Build configuration list for PBXNativeTarget "Suny" */;
			buildPhases = (
				5314970829440FEA002FEA2D /* Sources */,
				5314970929440FEA002FEA2D /* Frameworks */,
				5314970A29440FEA002FEA2D /* Resources */,
			);
			buildRules = (
			);
			dependencies = (
			);
			name = Suny;
			productName = Suny;
			productReference = 5314970C29440FEA002FEA2D /* Suny.app */;
			productType = "com.apple.product-type.application";
		};
/* End PBXNativeTarget section */

/* Begin PBXProject section */
		5314970429440FEA002FEA2D /* Project object */ = {
			isa = PBXProject;
			attributes = {
				BuildIndependentTargetsInParallel = 1;
				LastSwiftUpdateCheck = 1410;
				LastUpgradeCheck = 1410;
				TargetAttributes = {
					5314970B29440FEA002FEA2D = {
						CreatedOnToolsVersion = 14.1;
					};
				};
			};
			buildConfigurationList = 5314970729440FEA002FEA2D /* Build configuration list for PBXProject "Suny" */;
			compatibilityVersion = "Xcode 14.0";
			developmentRegion = en;
			hasScannedForEncodings = 0;
			knownRegions = (
				en,
				Base,
			);
			mainGroup = 5314970329440FEA002FEA2D;
			productRefGroup = 5314970D29440FEA002FEA2D /* Products */;
			projectDirPath = "";
			projectRoot = "";
			targets = (
				5314970B29440FEA002FEA2D /* Suny */,
			);
		};
/* End PBXProject section */

/* Begin PBXResourcesBuildPhase section */
		5314970A29440FEA002FEA2D /* Resources */ = {
			isa = PBXResourcesBuildPhase;
			buildActionMask = 2147483647;
			files = (
				5314971C29440FEB002FEA2D /* LaunchScreen.storyboard in Resources */,
				5314971929440FEB002FEA2D /* Assets.xcassets in Resources */,
			);
			runOnlyForDeploymentPostprocessing = 0;
		};
/* End PBXResourcesBuildPhase section */

/* Begin PBXSourcesBuildPhase section */
		5314970829440FEA002FEA2D /* Sources */ = {
			isa = PBXSourcesBuildPhase;
			buildActionMask = 2147483647;
			files = (
				5314971429440FEA002FEA2D /* WeatherViewController.swift in Sources */,
				5314972929441A6A002FEA2D /* WeatherViewModel.swift in Sources */,
				5314972F29441B4A002FEA2D /* LocationManager.swift in Sources */,
				5314972C29441A7F002FEA2D /* WeatherManager.swift in Sources */,
				5314971029440FEA002FEA2D /* AppDelegate.swift in Sources */,
				5314971229440FEA002FEA2D /* SceneDelegate.swift in Sources */,
			);
			runOnlyForDeploymentPostprocessing = 0;
		};
/* End PBXSourcesBuildPhase section */

/* Begin PBXVariantGroup section */
		5314971A29440FEB002FEA2D /* LaunchScreen.storyboard */ = {
			isa = PBXVariantGroup;
			children = (
				5314971B29440FEB002FEA2D /* Base */,
			);
			name = LaunchScreen.storyboard;
			sourceTree = "<group>";
		};
/* End PBXVariantGroup section */

/* Begin XCBuildConfiguration section */
		5314971E29440FEB002FEA2D /* Debug */ = {
			isa = XCBuildConfiguration;
			buildSettings = {
				ALWAYS_SEARCH_USER_PATHS = NO;
				CLANG_ANALYZER_NONNULL = YES;
				CLANG_ANALYZER_NUMBER_OBJECT_CONVERSION = YES_AGGRESSIVE;
				CLANG_CXX_LANGUAGE_STANDARD = "gnu++20";
				CLANG_ENABLE_MODULES = YES;
				CLANG_ENABLE_OBJC_ARC = YES;
				CLANG_ENABLE_OBJC_WEAK = YES;
				CLANG_WARN_BLOCK_CAPTURE_AUTORELEASING = YES;
				CLANG_WARN_BOOL_CONVERSION = YES;
				CLANG_WARN_COMMA = YES;
				CLANG_WARN_CONSTANT_CONVERSION = YES;
				CLANG_WARN_DEPRECATED_OBJC_IMPLEMENTATIONS = YES;
				CLANG_WARN_DIRECT_OBJC_ISA_USAGE = YES_ERROR;
				CLANG_WARN_DOCUMENTATION_COMMENTS = YES;
				CLANG_WARN_EMPTY_BODY = YES;
				CLANG_WARN_ENUM_CONVERSION = YES;
				CLANG_WARN_INFINITE_RECURSION = YES;
				CLANG_WARN_INT_CONVERSION = YES;
				CLANG_WARN_NON_LITERAL_NULL_CONVERSION = YES;
				CLANG_WARN_OBJC_IMPLICIT_RETAIN_SELF = YES;
				CLANG_WARN_OBJC_LITERAL_CONVERSION = YES;
				CLANG_WARN_OBJC_ROOT_CLASS = YES_ERROR;
				CLANG_WARN_QUOTED_INCLUDE_IN_FRAMEWORK_HEADER = YES;
				CLANG_WARN_RANGE_LOOP_ANALYSIS = YES;
				CLANG_WARN_STRICT_PROTOTYPES = YES;
				CLANG_WARN_SUSPICIOUS_MOVE = YES;
				CLANG_WARN_UNGUARDED_AVAILABILITY = YES_AGGRESSIVE;
				CLANG_WARN_UNREACHABLE_CODE = YES;
				CLANG_WARN__DUPLICATE_METHOD_MATCH = YES;
				COPY_PHASE_STRIP = NO;
				DEBUG_INFORMATION_FORMAT = dwarf;
				ENABLE_STRICT_OBJC_MSGSEND = YES;
				ENABLE_TESTABILITY = YES;
				GCC_C_LANGUAGE_STANDARD = gnu11;
				GCC_DYNAMIC_NO_PIC = NO;
				GCC_NO_COMMON_BLOCKS = YES;
				GCC_OPTIMIZATION_LEVEL = 0;
				GCC_PREPROCESSOR_DEFINITIONS = (
					"DEBUG=1",
					"$(inherited)",
				);
				GCC_WARN_64_TO_32_BIT_CONVERSION = YES;
				GCC_WARN_ABOUT_RETURN_TYPE = YES_ERROR;
				GCC_WARN_UNDECLARED_SELECTOR = YES;
				GCC_WARN_UNINITIALIZED_AUTOS = YES_AGGRESSIVE;
				GCC_WARN_UNUSED_FUNCTION = YES;
				GCC_WARN_UNUSED_VARIABLE = YES;
				IPHONEOS_DEPLOYMENT_TARGET = 16.0;
				MTL_ENABLE_DEBUG_INFO = INCLUDE_SOURCE;
				MTL_FAST_MATH = YES;
				ONLY_ACTIVE_ARCH = YES;
				SDKROOT = iphoneos;
				SWIFT_ACTIVE_COMPILATION_CONDITIONS = DEBUG;
				SWIFT_OPTIMIZATION_LEVEL = "-Onone";
			};
			name = Debug;
		};
		5314971F29440FEB002FEA2D /* Release */ = {
			isa = XCBuildConfiguration;
			buildSettings = {
				ALWAYS_SEARCH_USER_PATHS = NO;
				CLANG_ANALYZER_NONNULL = YES;
				CLANG_ANALYZER_NUMBER_OBJECT_CONVERSION = YES_AGGRESSIVE;
				CLANG_CXX_LANGUAGE_STANDARD = "gnu++20";
				CLANG_ENABLE_MODULES = YES;
				CLANG_ENABLE_OBJC_ARC = YES;
				CLANG_ENABLE_OBJC_WEAK = YES;
				CLANG_WARN_BLOCK_CAPTURE_AUTORELEASING = YES;
				CLANG_WARN_BOOL_CONVERSION = YES;
				CLANG_WARN_COMMA = YES;
				CLANG_WARN_CONSTANT_CONVERSION = YES;
				CLANG_WARN_DEPRECATED_OBJC_IMPLEMENTATIONS = YES;
				CLANG_WARN_DIRECT_OBJC_ISA_USAGE = YES_ERROR;
				CLANG_WARN_DOCUMENTATION_COMMENTS = YES;
				CLANG_WARN_EMPTY_BODY = YES;
				CLANG_WARN_ENUM_CONVERSION = YES;
				CLANG_WARN_INFINITE_RECURSION = YES;
				CLANG_WARN_INT_CONVERSION = YES;
				CLANG_WARN_NON_LITERAL_NULL_CONVERSION = YES;
				CLANG_WARN_OBJC_IMPLICIT_RETAIN_SELF = YES;
				CLANG_WARN_OBJC_LITERAL_CONVERSION = YES;
				CLANG_WARN_OBJC_ROOT_CLASS = YES_ERROR;
				CLANG_WARN_QUOTED_INCLUDE_IN_FRAMEWORK_HEADER = YES;
				CLANG_WARN_RANGE_LOOP_ANALYSIS = YES;
				CLANG_WARN_STRICT_PROTOTYPES = YES;
				CLANG_WARN_SUSPICIOUS_MOVE = YES;
				CLANG_WARN_UNGUARDED_AVAILABILITY = YES_AGGRESSIVE;
				CLANG_WARN_UNREACHABLE_CODE = YES;
				CLANG_WARN__DUPLICATE_METHOD_MATCH = YES;
				COPY_PHASE_STRIP = NO;
				DEBUG_INFORMATION_FORMAT = "dwarf-with-dsym";
				ENABLE_NS_ASSERTIONS = NO;
				ENABLE_STRICT_OBJC_MSGSEND = YES;
				GCC_C_LANGUAGE_STANDARD = gnu11;
				GCC_NO_COMMON_BLOCKS = YES;
				GCC_WARN_64_TO_32_BIT_CONVERSION = YES;
				GCC_WARN_ABOUT_RETURN_TYPE = YES_ERROR;
				GCC_WARN_UNDECLARED_SELECTOR = YES;
				GCC_WARN_UNINITIALIZED_AUTOS = YES_AGGRESSIVE;
				GCC_WARN_UNUSED_FUNCTION = YES;
				GCC_WARN_UNUSED_VARIABLE = YES;
				IPHONEOS_DEPLOYMENT_TARGET = 16.0;
				MTL_ENABLE_DEBUG_INFO = NO;
				MTL_FAST_MATH = YES;
				SDKROOT = iphoneos;
				SWIFT_COMPILATION_MODE = wholemodule;
				SWIFT_OPTIMIZATION_LEVEL = "-O";
				VALIDATE_PRODUCT = YES;
			};
			name = Release;
		};
		5314972129440FEB002FEA2D /* Debug */ = {
			isa = XCBuildConfiguration;
			buildSettings = {
				ASSETCATALOG_COMPILER_APPICON_NAME = AppIcon;
				ASSETCATALOG_COMPILER_GLOBAL_ACCENT_COLOR_NAME = AccentColor;
				CODE_SIGN_ENTITLEMENTS = Suny/Suny.entitlements;
				CODE_SIGN_STYLE = Automatic;
				CURRENT_PROJECT_VERSION = 1;
				DEVELOPMENT_TEAM = G2B25QMYTD;
				GENERATE_INFOPLIST_FILE = YES;
				INFOPLIST_FILE = Suny/Info.plist;
				INFOPLIST_KEY_NSLocationAlwaysAndWhenInUseUsageDescription = "Please allow always";
				INFOPLIST_KEY_NSLocationWhenInUseUsageDescription = "Please allow in use";
				INFOPLIST_KEY_UIApplicationSupportsIndirectInputEvents = YES;
				INFOPLIST_KEY_UILaunchStoryboardName = LaunchScreen;
				INFOPLIST_KEY_UISupportedInterfaceOrientations_iPad = "UIInterfaceOrientationPortrait UIInterfaceOrientationPortraitUpsideDown UIInterfaceOrientationLandscapeLeft UIInterfaceOrientationLandscapeRight";
				INFOPLIST_KEY_UISupportedInterfaceOrientations_iPhone = "UIInterfaceOrientationPortrait UIInterfaceOrientationLandscapeLeft UIInterfaceOrientationLandscapeRight";
				LD_RUNPATH_SEARCH_PATHS = (
					"$(inherited)",
					"@executable_path/Frameworks",
				);
				MARKETING_VERSION = 1.0;
				PRODUCT_BUNDLE_IDENTIFIER = dev.samreth.demo.Suny;
				PRODUCT_NAME = "$(TARGET_NAME)";
				SWIFT_EMIT_LOC_STRINGS = YES;
				SWIFT_VERSION = 5.0;
				TARGETED_DEVICE_FAMILY = "1,2";
			};
			name = Debug;
		};
		5314972229440FEB002FEA2D /* Release */ = {
			isa = XCBuildConfiguration;
			buildSettings = {
				ASSETCATALOG_COMPILER_APPICON_NAME = AppIcon;
				ASSETCATALOG_COMPILER_GLOBAL_ACCENT_COLOR_NAME = AccentColor;
				CODE_SIGN_ENTITLEMENTS = Suny/Suny.entitlements;
				CODE_SIGN_STYLE = Automatic;
				CURRENT_PROJECT_VERSION = 1;
				DEVELOPMENT_TEAM = G2B25QMYTD;
				GENERATE_INFOPLIST_FILE = YES;
				INFOPLIST_FILE = Suny/Info.plist;
				INFOPLIST_KEY_NSLocationAlwaysAndWhenInUseUsageDescription = "Please allow always";
				INFOPLIST_KEY_NSLocationWhenInUseUsageDescription = "Please allow in use";
				INFOPLIST_KEY_UIApplicationSupportsIndirectInputEvents = YES;
				INFOPLIST_KEY_UILaunchStoryboardName = LaunchScreen;
				INFOPLIST_KEY_UISupportedInterfaceOrientations_iPad = "UIInterfaceOrientationPortrait UIInterfaceOrientationPortraitUpsideDown UIInterfaceOrientationLandscapeLeft UIInterfaceOrientationLandscapeRight";
				INFOPLIST_KEY_UISupportedInterfaceOrientations_iPhone = "UIInterfaceOrientationPortrait UIInterfaceOrientationLandscapeLeft UIInterfaceOrientationLandscapeRight";
				LD_RUNPATH_SEARCH_PATHS = (
					"$(inherited)",
					"@executable_path/Frameworks",
				);
				MARKETING_VERSION = 1.0;
				PRODUCT_BUNDLE_IDENTIFIER = dev.samreth.demo.Suny;
				PRODUCT_NAME = "$(TARGET_NAME)";
				SWIFT_EMIT_LOC_STRINGS = YES;
				SWIFT_VERSION = 5.0;
				TARGETED_DEVICE_FAMILY = "1,2";
			};
			name = Release;
		};
/* End XCBuildConfiguration section */

/* Begin XCConfigurationList section */
		5314970729440FEA002FEA2D /* Build configuration list for PBXProject "Suny" */ = {
			isa = XCConfigurationList;
			buildConfigurations = (
				5314971E29440FEB002FEA2D /* Debug */,
				5314971F29440FEB002FEA2D /* Release */,
			);
			defaultConfigurationIsVisible = 0;
			defaultConfigurationName = Release;
		};
		5314972029440FEB002FEA2D /* Build configuration list for PBXNativeTarget "Suny" */ = {
			isa = XCConfigurationList;
			buildConfigurations = (
				5314972129440FEB002FEA2D /* Debug */,
				5314972229440FEB002FEA2D /* Release */,
			);
			defaultConfigurationIsVisible = 0;
			defaultConfigurationName = Release;
		};
/* End XCConfigurationList section */
	};
	rootObject = 5314970429440FEA002FEA2D /* Project object */;
}
